
Microsoft Visual Studio Solution File, Format Version 12.00
# Visual Studio Version 16
VisualStudioVersion = 16.0.34601.136
MinimumVisualStudioVersion = 10.0.40219.1
Project("{FAE04EC0-301F-11D3-BF4B-00C04F79EFBC}") = "KSRL8E1", "KSRL8E1\KSRL8E1.csproj", "{FAFFC2EC-B138-4CEF-ACBB-A637D2E73620}"
EndProject
Global
	GlobalSection(SolutionConfigurationPlatforms) = preSolution
		Debug|Any CPU = Debug|Any CPU
		Release|Any CPU = Release|Any CPU
	EndGlobalSection
	GlobalSection(ProjectConfigurationPlatforms) = postSolution
		{FAFFC2EC-B138-4CEF-ACBB-A637D2E73620}.Debug|Any CPU.ActiveCfg = Debug|Any CPU
		{FAFFC2EC-B138-4CEF-ACBB-A637D2E73620}.Debug|Any CPU.Build.0 = Debug|Any CPU
		{FAFFC2EC-B138-4CEF-ACBB-A637D2E73620}.Release|Any CPU.ActiveCfg = Release|Any CPU
		{FAFFC2EC-B138-4CEF-ACBB-A637D2E73620}.Release|Any CPU.Build.0 = Release|Any CPU
	EndGlobalSection
	GlobalSection(SolutionProperties) = preSolution
		HideSolutionNode = FALSE
	EndGlobalSection
	GlobalSection(ExtensibilityGlobals) = postSolution
		SolutionGuid = {A3DF4DD0-94C7-457B-9A71-DF43FD6FA4AB}
	EndGlobalSection
EndGlobal
